{
  "name": "service-hono",
  "version": "1.0.0",
  "lockfileVersion": 3,
  "requires": true,
  "packages": {
    "": {
      "name": "service-hono",
      "version": "1.0.0",
      "license": "ISC",
      "dependencies": {
        "@hono/node-server": "^1.13.3",
        "hono": "^4.6.8"
      }
    },
    "node_modules/@hono/node-server": {
      "version": "1.13.3",
      "resolved": "https://registry.npmjs.org/@hono/node-server/-/node-server-1.13.3.tgz",
      "integrity": "sha512-tEo3hcyQ6chvSnJ3tKzfX4z2sd7Q+ZkBwwBdW1Ya8Mz29dukxC2xcWiB/lAMwGJrYMW8QTgknIsLu1AsnMBe7A==",
      "engines": {
        "node": ">=18.14.1"
      },
      "peerDependencies": {
        "hono": "^4"
      }
    },
    "node_modules/hono": {
      "version": "4.6.8",
      "resolved": "https://registry.npmjs.org/hono/-/hono-4.6.8.tgz",
      "integrity": "sha512-f+2Ec9JAzabT61pglDiLJcF/DjiSefZkjCn9bzm1cYLGkD5ExJ3Jnv93ax9h0bn7UPLHF81KktoyjdQfWI2n1Q==",
      "engines": {
        "node": ">=16.9.0"
      }
    }
  }
}
